lockfileVersion: '9.0'

settings:
  autoInstallPeers: true
  excludeLinksFromLockfile: false

importers:

  .:
    devDependencies:
      fake-indexeddb:
        specifier: 6.2.5
        version: 6.2.5
      prettier:
        specifier: 3.9.9
        version: 3.9.9

packages:

  fake-indexeddb@6.2.5:
    resolution: {integrity: sha512-CGnyrvbhPlWYMngksqrSSUT1BAVP49dZocrHuK0SvtR0D5TMs5wP0o3j7jexDJW01KSadjBp1M/71o/KR3nD1w==}
    engines: {node: '>=18'}

  prettier@3.9.9:
    resolution: {integrity: sha512-Z/CJHIkdujO/OtN7nXUii0Rf3VT5SRuhjBA82Xvu2XhBUgX3nhP67T0LHceBdQLex7OOFGTox+Q5Yg8Jk2Qivg==}
    engines: {node: '>=14'}
    hasBin: true

snapshots:

  fake-indexeddb@6.2.5: {}

  prettier@3.9.9: {}
